
Microsoft Visual Studio Solution File, Format Version 12.00
# Visual Studio Version 17
VisualStudioVersion = 17.0.31903.59
MinimumVisualStudioVersion = 10.0.40219.1
Project("{FAE04EC0-301F-11D3-BF4B-00C04F79EFBC}") = "AutoClock", "AutoClock\AutoClock.csproj", "{4173DC43-D6A1-4267-9B67-3DC6E725FDA0}"
EndProject
Project("{FAE04EC0-301F-11D3-BF4B-00C04F79EFBC}") = "AutoClock.Interface", "AutoClock.Interface\AutoClock.Interface.csproj", "{C26FB0EE-0602-4C53-9AAA-30E6F879AA9E}"
EndProject
Project("{2150E333-8FDC-42A3-9474-1A3956D46DE8}") = "Unit", "Unit", "{0929AD24-89B3-4A6B-9522-85F2DB007ED5}"
EndProject
Project("{2150E333-8FDC-42A3-9474-1A3956D46DE8}") = "Plugins", "Plugins", "{A2B66260-4666-4BDA-886D-3ABE3EC89D51}"
EndProject
Project("{FAE04EC0-301F-11D3-BF4B-00C04F79EFBC}") = "Luogu", "Unit\Plugins\Luogu\Luogu.csproj", "{D4A25C45-6B03-4701-95EB-52C882B824EB}"
EndProject
Project("{FAE04EC0-301F-11D3-BF4B-00C04F79EFBC}") = "EmailSender", "Unit\Plugins\EmailSender\EmailSender.csproj", "{43DC4C4E-795A-4412-AF2C-6A9E37ECB8AB}"
EndProject
Global
	GlobalSection(SolutionConfigurationPlatforms) = preSolution
		Debug|Any CPU = Debug|Any CPU
		Release|Any CPU = Release|Any CPU
	EndGlobalSection
	GlobalSection(SolutionProperties) = preSolution
		HideSolutionNode = FALSE
	EndGlobalSection
	GlobalSection(ProjectConfigurationPlatforms) = postSolution
		{4173DC43-D6A1-4267-9B67-3DC6E725FDA0}.Debug|Any CPU.ActiveCfg = Debug|Any CPU
		{4173DC43-D6A1-4267-9B67-3DC6E725FDA0}.Debug|Any CPU.Build.0 = Debug|Any CPU
		{4173DC43-D6A1-4267-9B67-3DC6E725FDA0}.Release|Any CPU.ActiveCfg = Release|Any CPU
		{4173DC43-D6A1-4267-9B67-3DC6E725FDA0}.Release|Any CPU.Build.0 = Release|Any CPU
		{C26FB0EE-0602-4C53-9AAA-30E6F879AA9E}.Debug|Any CPU.ActiveCfg = Debug|Any CPU
		{C26FB0EE-0602-4C53-9AAA-30E6F879AA9E}.Debug|Any CPU.Build.0 = Debug|Any CPU
		{C26FB0EE-0602-4C53-9AAA-30E6F879AA9E}.Release|Any CPU.ActiveCfg = Release|Any CPU
		{C26FB0EE-0602-4C53-9AAA-30E6F879AA9E}.Release|Any CPU.Build.0 = Release|Any CPU
		{D4A25C45-6B03-4701-95EB-52C882B824EB}.Debug|Any CPU.ActiveCfg = Debug|Any CPU
		{D4A25C45-6B03-4701-95EB-52C882B824EB}.Debug|Any CPU.Build.0 = Debug|Any CPU
		{D4A25C45-6B03-4701-95EB-52C882B824EB}.Release|Any CPU.ActiveCfg = Release|Any CPU
		{D4A25C45-6B03-4701-95EB-52C882B824EB}.Release|Any CPU.Build.0 = Release|Any CPU
		{43DC4C4E-795A-4412-AF2C-6A9E37ECB8AB}.Debug|Any CPU.ActiveCfg = Debug|Any CPU
		{43DC4C4E-795A-4412-AF2C-6A9E37ECB8AB}.Debug|Any CPU.Build.0 = Debug|Any CPU
		{43DC4C4E-795A-4412-AF2C-6A9E37ECB8AB}.Release|Any CPU.ActiveCfg = Release|Any CPU
		{43DC4C4E-795A-4412-AF2C-6A9E37ECB8AB}.Release|Any CPU.Build.0 = Release|Any CPU
	EndGlobalSection
	GlobalSection(NestedProjects) = preSolution
		{A2B66260-4666-4BDA-886D-3ABE3EC89D51} = {0929AD24-89B3-4A6B-9522-85F2DB007ED5}
		{D4A25C45-6B03-4701-95EB-52C882B824EB} = {A2B66260-4666-4BDA-886D-3ABE3EC89D51}
		{43DC4C4E-795A-4412-AF2C-6A9E37ECB8AB} = {A2B66260-4666-4BDA-886D-3ABE3EC89D51}
	EndGlobalSection
EndGlobal
